# This file is generated by `embr install`; do not edit it manually.
version = 2

[[package]]
name = "alicesaidhi/jabby"
version = "0.6.1"
environment = "roblox"
link = "jabby"
index = "https://github.com/UpliftGames/wally-index"
type = "zip"
url = "https://api.wally.run/v1/package-contents/alicesaidhi/jabby/0.6.1"

[package.redirects]
jecs = "ukendio/jecs"

[[package]]
name = "alicesaidhi/pebble"
version = "0.2.0"
environment = "roblox"
index = "https://github.com/UpliftGames/wally-index"
type = "zip"
url = "https://api.wally.run/v1/package-contents/alicesaidhi/pebble/0.2.0"

[[package]]
name = "centau/vide"
version = "0.4.1"
environment = "roblox"
index = "https://github.com/UpliftGames/wally-index"
type = "zip"
url = "https://api.wally.run/v1/package-contents/centau/vide/0.4.1"

[[package]]
name = "evaera/promise"
version = "4.0.0"
environment = "roblox"
link = "promise"
index = "https://github.com/UpliftGames/wally-index"
type = "zip"
url = "https://api.wally.run/v1/package-contents/evaera/promise/4.0.0"

[[package]]
name = "howmanysmall/janitor"
version = "1.18.3"
environment = "roblox"
link = "janitor"
index = "https://github.com/UpliftGames/wally-index"
type = "zip"
url = "https://api.wally.run/v1/package-contents/howmanysmall/janitor/1.18.3"

[[package]]
name = "howmanysmall/typed-promise"
version = "4.0.6"
environment = "roblox"
index = "https://github.com/UpliftGames/wally-index"
type = "zip"
url = "https://api.wally.run/v1/package-contents/howmanysmall/typed-promise/4.0.6"

[[package]]
name = "pepeeltoro41/jecs-utils"
version = "1.4.4"
environment = "roblox"
link = "jecs_utils"
index = "https://github.com/UpliftGames/wally-index"
type = "zip"
url = "https://api.wally.run/v1/package-contents/pepeeltoro41/jecs-utils/1.4.4"

[package.redirects]
jecs = "ukendio/jecs"

[[package]]
name = "pepeeltoro41/replecs"
version = "0.4.0-rc.3"
environment = "roblox"
link = "replecs"
index = "https://github.com/UpliftGames/wally-index"
type = "zip"
url = "https://api.wally.run/v1/package-contents/pepeeltoro41/replecs/0.4.0-rc.3"

[package.redirects]
jecs = "ukendio/jecs"

[[package]]
name = "ukendio/jecs"
version = "0.11.0"
environment = "roblox"
link = "jecs"
index = "https://github.com/UpliftGames/wally-index"
type = "zip"
url = "https://api.wally.run/v1/package-contents/ukendio/jecs/0.11.0"

[[package]]
name = "yetanotherclown/planck"
version = "0.3.0-rc.2"
environment = "roblox"
link = "planck"
index = "https://github.com/UpliftGames/wally-index"
type = "zip"
url = "https://api.wally.run/v1/package-contents/yetanotherclown/planck/0.3.0-rc.2"

[[package]]
name = "yetanotherclown/planck-jabby"
version = "0.3.0-rc.2"
environment = "roblox"
link = "planck_jabby"
index = "https://github.com/UpliftGames/wally-index"
type = "zip"
url = "https://api.wally.run/v1/package-contents/yetanotherclown/planck-jabby/0.3.0-rc.2"

[package.redirects]
Jabby = "alicesaidhi/jabby"

[[package]]
name = "yetanotherclown/planck-runservice"
version = "0.2.0"
environment = "roblox"
link = "planck_rs"
index = "https://github.com/UpliftGames/wally-index"
type = "zip"
url = "https://api.wally.run/v1/package-contents/yetanotherclown/planck-runservice/0.2.0"

[package.redirects]
Planck = "yetanotherclown/planck"
